
Microsoft Visual Studio Solution File, Format Version 12.00
# Visual Studio Version 17
VisualStudioVersion = 17.13.35919.96 d17.13
MinimumVisualStudioVersion = 10.0.40219.1
Project("{FAE04EC0-301F-11D3-BF4B-00C04F79EFBC}") = "Esmero.Mediator", "Esmero.Mediator.csproj", "{819612B1-9129-4D3E-BA87-F3EEE36DF092}"
EndProject
Global
	GlobalSection(SolutionConfigurationPlatforms) = preSolution
		Debug|Any CPU = Debug|Any CPU
		Release|Any CPU = Release|Any CPU
	EndGlobalSection
	GlobalSection(ProjectConfigurationPlatforms) = postSolution
		{819612B1-9129-4D3E-BA87-F3EEE36DF092}.Debug|Any CPU.ActiveCfg = Debug|Any CPU
		{819612B1-9129-4D3E-BA87-F3EEE36DF092}.Debug|Any CPU.Build.0 = Debug|Any CPU
		{819612B1-9129-4D3E-BA87-F3EEE36DF092}.Release|Any CPU.ActiveCfg = Release|Any CPU
		{819612B1-9129-4D3E-BA87-F3EEE36DF092}.Release|Any CPU.Build.0 = Release|Any CPU
	EndGlobalSection
	GlobalSection(SolutionProperties) = preSolution
		HideSolutionNode = FALSE
	EndGlobalSection
	GlobalSection(ExtensibilityGlobals) = postSolution
		SolutionGuid = {13C14428-1F17-4309-9164-DB68C6FA811C}
	EndGlobalSection
EndGlobal
